
Microsoft Visual Studio Solution File, Format Version 12.00
# Visual Studio 14
VisualStudioVersion = 14.0.25420.1
MinimumVisualStudioVersion = 10.0.40219.1
Project("{FAE04EC0-301F-11D3-BF4B-00C04F79EFBC}") = "PPOK_System", "PPOK_System\PPOK_System.csproj", "{C67D223B-AFA2-4097-9882-7B90848A2CAC}"
EndProject
Project("{FAE04EC0-301F-11D3-BF4B-00C04F79EFBC}") = "PPOK_System_Tests", "PPOK_System_Tests\PPOK_System_Tests.csproj", "{FCE0181C-283D-40C0-8232-212676DB266E}"
EndProject
Project("{FAE04EC0-301F-11D3-BF4B-00C04F79EFBC}") = "PPOK_System.Domain", "PPOK_System.Domain\PPOK_System.Domain.csproj", "{2DDB2495-E5F5-403B-BDEB-9231755CEB22}"
EndProject
Global
	GlobalSection(SolutionConfigurationPlatforms) = preSolution
		Debug|Any CPU = Debug|Any CPU
		Release|Any CPU = Release|Any CPU
	EndGlobalSection
	GlobalSection(ProjectConfigurationPlatforms) = postSolution
		{C67D223B-AFA2-4097-9882-7B90848A2CAC}.Debug|Any CPU.ActiveCfg = Debug|Any CPU
		{C67D223B-AFA2-4097-9882-7B90848A2CAC}.Debug|Any CPU.Build.0 = Debug|Any CPU
		{C67D223B-AFA2-4097-9882-7B90848A2CAC}.Release|Any CPU.ActiveCfg = Release|Any CPU
		{C67D223B-AFA2-4097-9882-7B90848A2CAC}.Release|Any CPU.Build.0 = Release|Any CPU
		{FCE0181C-283D-40C0-8232-212676DB266E}.Debug|Any CPU.ActiveCfg = Debug|Any CPU
		{FCE0181C-283D-40C0-8232-212676DB266E}.Debug|Any CPU.Build.0 = Debug|Any CPU
		{FCE0181C-283D-40C0-8232-212676DB266E}.Release|Any CPU.ActiveCfg = Release|Any CPU
		{FCE0181C-283D-40C0-8232-212676DB266E}.Release|Any CPU.Build.0 = Release|Any CPU
		{2DDB2495-E5F5-403B-BDEB-9231755CEB22}.Debug|Any CPU.ActiveCfg = Debug|Any CPU
		{2DDB2495-E5F5-403B-BDEB-9231755CEB22}.Debug|Any CPU.Build.0 = Debug|Any CPU
		{2DDB2495-E5F5-403B-BDEB-9231755CEB22}.Release|Any CPU.ActiveCfg = Release|Any CPU
		{2DDB2495-E5F5-403B-BDEB-9231755CEB22}.Release|Any CPU.Build.0 = Release|Any CPU
	EndGlobalSection
	GlobalSection(SolutionProperties) = preSolution
		HideSolutionNode = FALSE
	EndGlobalSection
EndGlobal
